{
  "nodes": {
    "flake-utils": {
      "locked": {
        "lastModified": 1610051610,
        "narHash": "sha256-U9rPz/usA1/Aohhk7Cmc2gBrEEKRzcW4nwPWMPwja4Y=",
        "owner": "numtide",
        "repo": "flake-utils",
        "rev": "3982c9903e93927c2164caa727cd3f6a0e6d14cc",
        "type": "github"
      },
      "original": {
        "owner": "numtide",
        "repo": "flake-utils",
        "type": "github"
      }
    },
    "flake-utils_2": {
      "locked": {
        "lastModified": 1610051610,
        "narHash": "sha256-U9rPz/usA1/Aohhk7Cmc2gBrEEKRzcW4nwPWMPwja4Y=",
        "owner": "numtide",
        "repo": "flake-utils",
        "rev": "3982c9903e93927c2164caa727cd3f6a0e6d14cc",
        "type": "github"
      },
      "original": {
        "owner": "numtide",
        "ref": "master",
        "repo": "flake-utils",
        "type": "github"
      }
    },
    "mywallpapers-1366": {
      "inputs": {
        "flake-utils": "flake-utils_2",
        "nixpkgs": "nixpkgs",
        "stable": "stable"
      },
      "locked": {
        "lastModified": 1613818462,
        "narHash": "sha256-UwltD9rmrddJaXsdSZYCBC4XscroTko70j83g46xBro=",
        "ref": "master",
        "rev": "d3e907e6117fdac34d08c51d0f052a5604e728f6",
        "revCount": 2,
        "type": "git",
        "url": "ssh://git@gitlab.com/wavetojj/mywallpapers-1366.git"
      },
      "original": {
        "type": "git",
        "url": "ssh://git@gitlab.com/wavetojj/mywallpapers-1366.git"
      }
    },
    "nixpkgs": {
      "locked": {
        "lastModified": 1613582597,
        "narHash": "sha256-6LvipIvFuhyorHpUqK3HjySC5Y6gshXHFBhU9EJ4DoM=",
        "owner": "nixos",
        "repo": "nixpkgs",
        "rev": "6b1057b452c55bb3b463f0d7055bc4ec3fd1f381",
        "type": "github"
      },
      "original": {
        "owner": "nixos",
        "ref": "nixos-unstable",
        "repo": "nixpkgs",
        "type": "github"
      }
    },
    "nixpkgs_2": {
      "locked": {
        "lastModified": 1613582597,
        "narHash": "sha256-6LvipIvFuhyorHpUqK3HjySC5Y6gshXHFBhU9EJ4DoM=",
        "owner": "nixos",
        "repo": "nixpkgs",
        "rev": "6b1057b452c55bb3b463f0d7055bc4ec3fd1f381",
        "type": "github"
      },
      "original": {
        "owner": "nixos",
        "ref": "nixos-unstable",
        "repo": "nixpkgs",
        "type": "github"
      }
    },
    "root": {
      "inputs": {
        "flake-utils": "flake-utils",
        "mywallpapers-1366": "mywallpapers-1366",
        "nixpkgs": "nixpkgs_2",
        "stable": "stable_2"
      }
    },
    "stable": {
      "locked": {
        "lastModified": 1613689379,
        "narHash": "sha256-cO5Wmp/w7W8LHq/sNMg0BaOfDsXahP21I0QxuaWFX5o=",
        "owner": "nixos",
        "repo": "nixpkgs",
        "rev": "6bebc91e2882e0b4917567d0c025bbfafb01be69",
        "type": "github"
      },
      "original": {
        "owner": "nixos",
        "ref": "nixos-20.09",
        "repo": "nixpkgs",
        "type": "github"
      }
    },
    "stable_2": {
      "locked": {
        "lastModified": 1613689379,
        "narHash": "sha256-cO5Wmp/w7W8LHq/sNMg0BaOfDsXahP21I0QxuaWFX5o=",
        "owner": "nixos",
        "repo": "nixpkgs",
        "rev": "6bebc91e2882e0b4917567d0c025bbfafb01be69",
        "type": "github"
      },
      "original": {
        "owner": "nixos",
        "ref": "nixos-20.09",
        "repo": "nixpkgs",
        "type": "github"
      }
    }
  },
  "root": "root",
  "version": 7
}
