{
  "nodes": {
    "agenix": {
      "inputs": {
        "nixpkgs": "nixpkgs"
      },
      "locked": {
        "lastModified": 1665870395,
        "narHash": "sha256-Tsbqb27LDNxOoPLh0gw2hIb6L/6Ow/6lIBvqcHzEKBI=",
        "owner": "ryantm",
        "repo": "agenix",
        "rev": "a630400067c6d03c9b3e0455347dc8559db14288",
        "type": "github"
      },
      "original": {
        "owner": "ryantm",
        "repo": "agenix",
        "type": "github"
      }
    },
    "cmake-mode": {
      "flake": false,
      "locked": {
        "dir": "Auxiliary",
        "lastModified": 1658635265,
        "narHash": "sha256-4JqBkPuJiDQIdDoFOOgkSBLTpNQa4ZN1MbE3qiABpWI=",
        "owner": "kitware",
        "repo": "cmake",
        "rev": "0f376bfc5a54f7e3ab716d213b75af315527c05e",
        "type": "github"
      },
      "original": {
        "dir": "Auxiliary",
        "owner": "kitware",
        "repo": "cmake",
        "type": "github"
      }
    },
    "commonmark-wikilink": {
      "flake": false,
      "locked": {
        "lastModified": 1667660916,
        "narHash": "sha256-ZyYSsihq5nqP/YmkL2Tlr+XVwUu+3MquThpyc0yx65c=",
        "owner": "srid",
        "repo": "commonmark-wikilink",
        "rev": "72c880b5dbe8521f8c424c7bd39cb11b26e8dbb8",
        "type": "github"
      },
      "original": {
        "owner": "srid",
        "repo": "commonmark-wikilink",
        "type": "github"
      }
    },
    "deploy-rs": {
      "inputs": {
        "flake-compat": "flake-compat",
        "nixpkgs": [
          "nixpkgs"
        ],
        "utils": "utils"
      },
      "locked": {
        "lastModified": 1668797197,
        "narHash": "sha256-0w6iD3GSSQbIeSFVDzAAQZB+hDq670ZTms3d9XI+BtM=",
        "owner": "serokell",
        "repo": "deploy-rs",
        "rev": "2a3c5f70eee04a465aa534d8bd4fcc9bb3c4a8ce",
        "type": "github"
      },
      "original": {
        "owner": "serokell",
        "repo": "deploy-rs",
        "type": "github"
      }
    },
    "doom-emacs": {
      "flake": false,
      "locked": {
        "lastModified": 1658614125,
        "narHash": "sha256-V1X1tOh92kzb4RXNgIDknwNFiZw4Vt3HIPchOL31Yfk=",
        "owner": "doomemacs",
        "repo": "doomemacs",
        "rev": "40ca1a799f657b8bd8a81ea21b9204cde94f1edf",
        "type": "github"
      },
      "original": {
        "owner": "doomemacs",
        "ref": "master",
        "repo": "doomemacs",
        "type": "github"
      }
    },
    "doom-private": {
      "flake": false,
      "locked": {
        "lastModified": 1670864257,
        "narHash": "sha256-ruoXdv4futkTF1gg44aBcsw5KqNp1+THfBmQ2kNn61A=",
        "owner": "jjdosa",
        "repo": "doom-private",
        "rev": "aec8b33fd1eff755e7792d70c5b9cf0a997c888f",
        "type": "github"
      },
      "original": {
        "owner": "jjdosa",
        "repo": "doom-private",
        "type": "github"
      }
    },
    "doom-snippets": {
      "flake": false,
      "locked": {
        "lastModified": 1655900328,
        "narHash": "sha256-fEYwFxW2sdzNK14DrS92OCGy8KDPZKewrHljnE/RlzQ=",
        "owner": "doomemacs",
        "repo": "snippets",
        "rev": "6b2bd5a77c536ed414794ecf71d37a60ebd4663e",
        "type": "github"
      },
      "original": {
        "owner": "doomemacs",
        "repo": "snippets",
        "type": "github"
      }
    },
    "ema": {
      "flake": false,
      "locked": {
        "lastModified": 1668883024,
        "narHash": "sha256-fftvlkkAZgtExQ3vIiUPJbxIkMPDuvTi0XAZqo7jtNM=",
        "owner": "EmaApps",
        "repo": "ema",
        "rev": "7cc73addf8191c4a2fbe157e6c02d9fed9644c3b",
        "type": "github"
      },
      "original": {
        "owner": "EmaApps",
        "repo": "ema",
        "type": "github"
      }
    },
    "emacs-overlay": {
      "inputs": {
        "flake-utils": "flake-utils_2",
        "nixpkgs": "nixpkgs_5"
      },
      "locked": {
        "lastModified": 1658637786,
        "narHash": "sha256-8FtSpwj6k559s6pujsXM1o7pqrEk4TFAEGLZ4a59zLI=",
        "owner": "nix-community",
        "repo": "emacs-overlay",
        "rev": "920e88c44073e2a5394d2731c1cac265c6cbf2dd",
        "type": "github"
      },
      "original": {
        "owner": "nix-community",
        "repo": "emacs-overlay",
        "type": "github"
      }
    },
    "emacs-so-long": {
      "flake": false,
      "locked": {
        "lastModified": 1575031854,
        "narHash": "sha256-xIa5zO0ZaToDrec1OFjBK6l39AbA4l/CE4LInVu2hi0=",
        "owner": "hlissner",
        "repo": "emacs-so-long",
        "rev": "ed666b0716f60e8988c455804de24b55919e71ca",
        "type": "github"
      },
      "original": {
        "owner": "hlissner",
        "repo": "emacs-so-long",
        "type": "github"
      }
    },
    "emanote": {
      "inputs": {
        "commonmark-wikilink": "commonmark-wikilink",
        "ema": "ema",
        "flake-parts": "flake-parts",
        "haskell-flake": "haskell-flake",
        "heist": "heist",
        "heist-extra": "heist-extra",
        "nixpkgs": "nixpkgs_2"
      },
      "locked": {
        "lastModified": 1668902144,
        "narHash": "sha256-snHvaB217pKdFMsx3I52Yocv1MPZ3+ozLp6lpRg12X0=",
        "owner": "EmaApps",
        "repo": "emanote",
        "rev": "3300092d40c9092e33a6b22e53a30a2a82796138",
        "type": "github"
      },
      "original": {
        "owner": "EmaApps",
        "repo": "emanote",
        "type": "github"
      }
    },
    "evil-markdown": {
      "flake": false,
      "locked": {
        "lastModified": 1626852210,
        "narHash": "sha256-HBBuZ1VWIn6kwK5CtGIvHM1+9eiNiKPH0GUsyvpUVN8=",
        "owner": "Somelauw",
        "repo": "evil-markdown",
        "rev": "8e6cc68af83914b2fa9fd3a3b8472573dbcef477",
        "type": "github"
      },
      "original": {
        "owner": "Somelauw",
        "repo": "evil-markdown",
        "type": "github"
      }
    },
    "evil-org-mode": {
      "flake": false,
      "locked": {
        "lastModified": 1607203864,
        "narHash": "sha256-JxwqVYDN6OIJEH15MVI6XOZAPtUWUhJQWHyzcrUvrFg=",
        "owner": "hlissner",
        "repo": "evil-org-mode",
        "rev": "a9706da260c45b98601bcd72b1d2c0a24a017700",
        "type": "github"
      },
      "original": {
        "owner": "hlissner",
        "repo": "evil-org-mode",
        "type": "github"
      }
    },
    "evil-plugins": {
      "flake": false,
      "locked": {
        "lastModified": 1428323590,
        "narHash": "sha256-PI1FZaz6pJ47Rk76GYhlXab8IOgCSeOAM+Ya8rlWNg4=",
        "owner": "tarao",
        "repo": "evil-plugins",
        "rev": "d9094d238756300ac4ca1050d6a71d302e120ca1",
        "type": "github"
      },
      "original": {
        "owner": "tarao",
        "repo": "evil-plugins",
        "type": "github"
      }
    },
    "evil-quick-diff": {
      "flake": false,
      "locked": {
        "lastModified": 1575189609,
        "narHash": "sha256-oGzl1ayW9rIuq0haoiFS7RZsS8NFMdEA7K1BSozgnJU=",
        "owner": "rgrinberg",
        "repo": "evil-quick-diff",
        "rev": "69c883720b30a892c63bc89f49d4f0e8b8028908",
        "type": "github"
      },
      "original": {
        "owner": "rgrinberg",
        "repo": "evil-quick-diff",
        "type": "github"
      }
    },
    "explain-pause-mode": {
      "flake": false,
      "locked": {
        "lastModified": 1595842060,
        "narHash": "sha256-++znrjiDSx+cy4okFBBXUBkRFdtnE2x+trkmqjB3Njs=",
        "owner": "lastquestion",
        "repo": "explain-pause-mode",
        "rev": "2356c8c3639cbeeb9751744dbe737267849b4b51",
        "type": "github"
      },
      "original": {
        "owner": "lastquestion",
        "repo": "explain-pause-mode",
        "type": "github"
      }
    },
    "flake-compat": {
      "flake": false,
      "locked": {
        "lastModified": 1648199409,
        "narHash": "sha256-JwPKdC2PoVBkG6E+eWw3j6BMR6sL3COpYWfif7RVb8Y=",
        "owner": "edolstra",
        "repo": "flake-compat",
        "rev": "64a525ee38886ab9028e6f61790de0832aa3ef03",
        "type": "github"
      },
      "original": {
        "owner": "edolstra",
        "repo": "flake-compat",
        "type": "github"
      }
    },
    "flake-compat_2": {
      "flake": false,
      "locked": {
        "lastModified": 1627913399,
        "narHash": "sha256-hY8g6H2KFL8ownSiFeMOjwPC8P0ueXpCVEbxgda3pko=",
        "owner": "edolstra",
        "repo": "flake-compat",
        "rev": "12c64ca55c1014cdc1b16ed5a804aa8576601ff2",
        "type": "github"
      },
      "original": {
        "owner": "edolstra",
        "repo": "flake-compat",
        "type": "github"
      }
    },
    "flake-parts": {
      "inputs": {
        "nixpkgs-lib": "nixpkgs-lib"
      },
      "locked": {
        "lastModified": 1668450977,
        "narHash": "sha256-cfLhMhnvXn6x1vPm+Jow3RiFAUSCw/l1utktCw5rVA4=",
        "owner": "hercules-ci",
        "repo": "flake-parts",
        "rev": "d591857e9d7dd9ddbfba0ea02b43b927c3c0f1fa",
        "type": "github"
      },
      "original": {
        "owner": "hercules-ci",
        "repo": "flake-parts",
        "type": "github"
      }
    },
    "flake-utils": {
      "locked": {
        "lastModified": 1659877975,
        "narHash": "sha256-zllb8aq3YO3h8B/U0/J1WBgAL8EX5yWf5pMj3G0NAmc=",
        "owner": "numtide",
        "repo": "flake-utils",
        "rev": "c0e246b9b83f637f4681389ecabcb2681b4f3af0",
        "type": "github"
      },
      "original": {
        "owner": "numtide",
        "ref": "master",
        "repo": "flake-utils",
        "type": "github"
      }
    },
    "flake-utils_2": {
      "locked": {
        "lastModified": 1656928814,
        "narHash": "sha256-RIFfgBuKz6Hp89yRr7+NR5tzIAbn52h8vT6vXkYjZoM=",
        "owner": "numtide",
        "repo": "flake-utils",
        "rev": "7e2a3b3dfd9af950a856d66b0a7d01e3c18aa249",
        "type": "github"
      },
      "original": {
        "owner": "numtide",
        "repo": "flake-utils",
        "type": "github"
      }
    },
    "flake-utils_3": {
      "locked": {
        "lastModified": 1656928814,
        "narHash": "sha256-RIFfgBuKz6Hp89yRr7+NR5tzIAbn52h8vT6vXkYjZoM=",
        "owner": "numtide",
        "repo": "flake-utils",
        "rev": "7e2a3b3dfd9af950a856d66b0a7d01e3c18aa249",
        "type": "github"
      },
      "original": {
        "owner": "numtide",
        "repo": "flake-utils",
        "type": "github"
      }
    },
    "flake-utils_4": {
      "locked": {
        "lastModified": 1659877975,
        "narHash": "sha256-zllb8aq3YO3h8B/U0/J1WBgAL8EX5yWf5pMj3G0NAmc=",
        "owner": "numtide",
        "repo": "flake-utils",
        "rev": "c0e246b9b83f637f4681389ecabcb2681b4f3af0",
        "type": "github"
      },
      "original": {
        "owner": "numtide",
        "ref": "master",
        "repo": "flake-utils",
        "type": "github"
      }
    },
    "flake-utils_5": {
      "locked": {
        "lastModified": 1634851050,
        "narHash": "sha256-N83GlSGPJJdcqhUxSCS/WwW5pksYf3VP1M13cDRTSVA=",
        "owner": "numtide",
        "repo": "flake-utils",
        "rev": "c91f3de5adaf1de973b797ef7485e441a65b8935",
        "type": "github"
      },
      "original": {
        "owner": "numtide",
        "repo": "flake-utils",
        "type": "github"
      }
    },
    "format-all": {
      "flake": false,
      "locked": {
        "lastModified": 1581716637,
        "narHash": "sha256-ul7LCe60W8TIvUmUtZtZRo8489TK9iTPDsLHmzxY57M=",
        "owner": "lassik",
        "repo": "emacs-format-all-the-code",
        "rev": "47d862d40a088ca089c92cd393c6dca4628f87d3",
        "type": "github"
      },
      "original": {
        "owner": "lassik",
        "repo": "emacs-format-all-the-code",
        "rev": "47d862d40a088ca089c92cd393c6dca4628f87d3",
        "type": "github"
      }
    },
    "haedosa": {
      "inputs": {
        "home-manager": "home-manager",
        "home-manager-stable": "home-manager-stable",
        "nixpkgs": "nixpkgs_3",
        "nixpkgs-stable": "nixpkgs-stable"
      },
      "locked": {
        "lastModified": 1669504509,
        "narHash": "sha256-fzO7zumqzAqcolsNOt6a9X8s/AI6HnHLpfanXKgpNLw=",
        "owner": "haedosa",
        "repo": "flakes",
        "rev": "55f051bd118c3ea73870605d6f328a3d0ad8cb18",
        "type": "github"
      },
      "original": {
        "owner": "haedosa",
        "repo": "flakes",
        "type": "github"
      }
    },
    "haedosa_2": {
      "inputs": {
        "flake-utils": "flake-utils",
        "home-manager": "home-manager_3",
        "nixpkgs": "nixpkgs_4"
      },
      "locked": {
        "lastModified": 1660970942,
        "narHash": "sha256-LgnV2vrpPxFFvRWO8GpSdnoyzKcgORVlKmndKTHt/dU=",
        "owner": "haedosa",
        "repo": "flakes",
        "rev": "f929a3720331c8a22942489e8cee45d8776f8e6c",
        "type": "github"
      },
      "original": {
        "owner": "haedosa",
        "repo": "flakes",
        "type": "github"
      }
    },
    "haedosa_3": {
      "inputs": {
        "flake-utils": "flake-utils_4",
        "home-manager": "home-manager_4",
        "nixpkgs": "nixpkgs_6"
      },
      "locked": {
        "lastModified": 1660270358,
        "narHash": "sha256-XQ8iQmUWfnMsao60EWtldKpSMLWqdjBipf6QWUfZzOM=",
        "owner": "haedosa",
        "repo": "flakes",
        "rev": "7aeac9850f616717b7ffcf6ee2fe7f5775e4172d",
        "type": "github"
      },
      "original": {
        "owner": "haedosa",
        "repo": "flakes",
        "type": "github"
      }
    },
    "haskell-flake": {
      "locked": {
        "lastModified": 1668167720,
        "narHash": "sha256-5wDTR6xt9BB3BjgKR+YOjOkZgMyDXKaX79g42sStzDU=",
        "owner": "srid",
        "repo": "haskell-flake",
        "rev": "4fc511d93a55fedf815c1647ad146c26d7a2054e",
        "type": "github"
      },
      "original": {
        "owner": "srid",
        "repo": "haskell-flake",
        "type": "github"
      }
    },
    "heist": {
      "flake": false,
      "locked": {
        "lastModified": 1668478922,
        "narHash": "sha256-HVIRUx90r0pvJKfLU6fM51/SdzvNOzv0466xIOeSFlo=",
        "owner": "snapframework",
        "repo": "heist",
        "rev": "a23f0b5d70556742644189d71d694f379738cdbc",
        "type": "github"
      },
      "original": {
        "owner": "snapframework",
        "repo": "heist",
        "type": "github"
      }
    },
    "heist-extra": {
      "flake": false,
      "locked": {
        "lastModified": 1668486579,
        "narHash": "sha256-VmyGntVH/tVosftplC4O0JhYA34kXeq1Wu/RbJr132Y=",
        "owner": "srid",
        "repo": "heist-extra",
        "rev": "da94abfa68f67933baef9b529fe8d2a4edc572d5",
        "type": "github"
      },
      "original": {
        "owner": "srid",
        "repo": "heist-extra",
        "type": "github"
      }
    },
    "home-manager": {
      "inputs": {
        "nixpkgs": [
          "haedosa",
          "nixpkgs"
        ],
        "utils": "utils_2"
      },
      "locked": {
        "lastModified": 1669328018,
        "narHash": "sha256-aJRMobnNDEXKwoSZFS4hGjGU1WDNxkQ82BVKAEohOfY=",
        "owner": "nix-community",
        "repo": "home-manager",
        "rev": "62cb5bcf93896e4dd6b4507dac7ba2e2e3abc9d7",
        "type": "github"
      },
      "original": {
        "owner": "nix-community",
        "repo": "home-manager",
        "type": "github"
      }
    },
    "home-manager-stable": {
      "inputs": {
        "nixpkgs": [
          "haedosa",
          "nixpkgs-stable"
        ]
      },
      "locked": {
        "lastModified": 1667907331,
        "narHash": "sha256-bHkAwkYlBjkupPUFcQjimNS8gxWSWjOTevEuwdnp5m0=",
        "owner": "nix-community",
        "repo": "home-manager",
        "rev": "6639e3a837fc5deb6f99554072789724997bc8e5",
        "type": "github"
      },
      "original": {
        "owner": "nix-community",
        "ref": "release-22.05",
        "repo": "home-manager",
        "type": "github"
      }
    },
    "home-manager_2": {
      "inputs": {
        "nixpkgs": [
          "nixpkgs"
        ],
        "utils": "utils_3"
      },
      "locked": {
        "lastModified": 1669978198,
        "narHash": "sha256-U8sZFwIIDFm9w/Kx58sYrIsWpuQUKmkcQmdBkuQ+gkE=",
        "owner": "nix-community",
        "repo": "home-manager",
        "rev": "71fa4cdf9cd89a3e0d452439b6a2f7f01d6292e9",
        "type": "github"
      },
      "original": {
        "owner": "nix-community",
        "repo": "home-manager",
        "type": "github"
      }
    },
    "home-manager_3": {
      "inputs": {
        "nixpkgs": [
          "myxmonad",
          "haedosa",
          "nixpkgs"
        ]
      },
      "locked": {
        "lastModified": 1656169755,
        "narHash": "sha256-Nlnm4jeQWEGjYrE6hxi/7HYHjBSZ/E0RtjCYifnNsWk=",
        "owner": "nix-community",
        "repo": "home-manager",
        "rev": "4a3d01fb53f52ac83194081272795aa4612c2381",
        "type": "github"
      },
      "original": {
        "owner": "nix-community",
        "ref": "release-22.05",
        "repo": "home-manager",
        "type": "github"
      }
    },
    "home-manager_4": {
      "inputs": {
        "nixpkgs": [
          "nix-doom-emacs",
          "haedosa",
          "nixpkgs"
        ]
      },
      "locked": {
        "lastModified": 1656169755,
        "narHash": "sha256-Nlnm4jeQWEGjYrE6hxi/7HYHjBSZ/E0RtjCYifnNsWk=",
        "owner": "nix-community",
        "repo": "home-manager",
        "rev": "4a3d01fb53f52ac83194081272795aa4612c2381",
        "type": "github"
      },
      "original": {
        "owner": "nix-community",
        "ref": "release-22.05",
        "repo": "home-manager",
        "type": "github"
      }
    },
    "impermanence": {
      "locked": {
        "lastModified": 1668668915,
        "narHash": "sha256-QjY4ZZbs9shwO4LaLpvlU2bO9J1juYhO9NtV3nrbnYQ=",
        "owner": "nix-community",
        "repo": "impermanence",
        "rev": "5df9108b346f8a42021bf99e50de89c9caa251c3",
        "type": "github"
      },
      "original": {
        "owner": "nix-community",
        "repo": "impermanence",
        "type": "github"
      }
    },
    "jupyter_contrib_core": {
      "flake": false,
      "locked": {
        "lastModified": 1668528216,
        "narHash": "sha256-UTtK+aKxBFkqKuHrt1ox8vdHyFz/9HiKFl7U4UQcG88=",
        "owner": "Jupyter-contrib",
        "repo": "jupyter_contrib_core",
        "rev": "3c4eb859cc3099d8270b8cf89494d72462c5d64e",
        "type": "github"
      },
      "original": {
        "owner": "Jupyter-contrib",
        "repo": "jupyter_contrib_core",
        "type": "github"
      }
    },
    "jupyter_nbextensions_configurator": {
      "flake": false,
      "locked": {
        "lastModified": 1668459402,
        "narHash": "sha256-SwpSSlk8PM/dBPKYcLd224TMd4NiUmV1P1+ZMoAK/Nk=",
        "owner": "Jupyter-contrib",
        "repo": "jupyter_nbextensions_configurator",
        "rev": "af0845c661a8525a2d6bcb0710fda545ddc46bb5",
        "type": "github"
      },
      "original": {
        "owner": "Jupyter-contrib",
        "repo": "jupyter_nbextensions_configurator",
        "type": "github"
      }
    },
    "myxmonad": {
      "inputs": {
        "haedosa": "haedosa_2",
        "home-manager": [
          "myxmonad",
          "haedosa",
          "home-manager"
        ],
        "nixpkgs": [
          "myxmonad",
          "haedosa",
          "nixpkgs"
        ],
        "wallpapers": "wallpapers"
      },
      "locked": {
        "lastModified": 1662137173,
        "narHash": "sha256-8bLw+Wkn71Rq3p95I/hIrbZEKFEVSbi/bZe9dNk6VaY=",
        "owner": "jjdosa",
        "repo": "myxmonad",
        "rev": "d7b2c017706c91f77e94c0d5e1d2e3467ef81b06",
        "type": "github"
      },
      "original": {
        "owner": "jjdosa",
        "repo": "myxmonad",
        "type": "github"
      }
    },
    "nix-doom-emacs": {
      "inputs": {
        "cmake-mode": "cmake-mode",
        "doom-emacs": "doom-emacs",
        "doom-private": [
          "doom-private"
        ],
        "doom-snippets": "doom-snippets",
        "emacs-overlay": "emacs-overlay",
        "emacs-so-long": "emacs-so-long",
        "evil-markdown": "evil-markdown",
        "evil-org-mode": "evil-org-mode",
        "evil-plugins": "evil-plugins",
        "evil-quick-diff": "evil-quick-diff",
        "explain-pause-mode": "explain-pause-mode",
        "flake-utils": "flake-utils_3",
        "format-all": "format-all",
        "haedosa": "haedosa_3",
        "nix-straight": "nix-straight",
        "nixpkgs": [
          "nixpkgs"
        ],
        "nose": "nose",
        "ob-racket": "ob-racket",
        "org": "org",
        "org-contrib": "org-contrib",
        "org-yt": "org-yt",
        "php-extras": "php-extras",
        "revealjs": "revealjs",
        "rotate-text": "rotate-text",
        "ts-fold": "ts-fold",
        "vterm": "vterm",
        "zoxide": "zoxide"
      },
      "locked": {
        "lastModified": 1664606882,
        "narHash": "sha256-kiMgMTQdgW0ExycJLH4qO5iDtMSo305DTyvh4SK3TOI=",
        "owner": "jjdosa",
        "repo": "nix-doom-emacs",
        "rev": "7c5d21ad2886c70a6dc472b1b9938bc4291746b0",
        "type": "github"
      },
      "original": {
        "owner": "jjdosa",
        "repo": "nix-doom-emacs",
        "type": "github"
      }
    },
    "nix-straight": {
      "flake": false,
      "locked": {
        "lastModified": 1656684255,
        "narHash": "sha256-ZefQiv4Ipu2VkLjs1oyelTLU7kBVJgkcQd+yBpJU0yo=",
        "owner": "nix-community",
        "repo": "nix-straight.el",
        "rev": "fb8dd5c44cde70abd13380766e40af7a63888942",
        "type": "github"
      },
      "original": {
        "owner": "nix-community",
        "repo": "nix-straight.el",
        "type": "github"
      }
    },
    "nixos-hardware": {
      "locked": {
        "lastModified": 1669146234,
        "narHash": "sha256-HEby7EG1yaq1oT2Ze6Cvok9CFju1XHkSvVHmkptLW9U=",
        "owner": "nixos",
        "repo": "nixos-hardware",
        "rev": "0099253ad0b5283f06ffe31cf010af3f9ad7837d",
        "type": "github"
      },
      "original": {
        "owner": "nixos",
        "repo": "nixos-hardware",
        "type": "github"
      }
    },
    "nixpkgs": {
      "locked": {
        "lastModified": 1665732960,
        "narHash": "sha256-WBZ+uSHKFyjvd0w4inbm0cNExYTn8lpYFcHEes8tmec=",
        "owner": "NixOS",
        "repo": "nixpkgs",
        "rev": "4428e23312933a196724da2df7ab78eb5e67a88e",
        "type": "github"
      },
      "original": {
        "owner": "NixOS",
        "ref": "nixos-unstable",
        "repo": "nixpkgs",
        "type": "github"
      }
    },
    "nixpkgs-lib": {
      "locked": {
        "dir": "lib",
        "lastModified": 1665349835,
        "narHash": "sha256-UK4urM3iN80UXQ7EaOappDzcisYIuEURFRoGQ/yPkug=",
        "owner": "NixOS",
        "repo": "nixpkgs",
        "rev": "34c5293a71ffdb2fe054eb5288adc1882c1eb0b1",
        "type": "github"
      },
      "original": {
        "dir": "lib",
        "owner": "NixOS",
        "ref": "nixos-unstable",
        "repo": "nixpkgs",
        "type": "github"
      }
    },
    "nixpkgs-stable": {
      "locked": {
        "lastModified": 1669418739,
        "narHash": "sha256-T86oFvcUIRwHWBWUt7WjaP4BP/3lDGbv5AppQSI1FkI=",
        "owner": "nixos",
        "repo": "nixpkgs",
        "rev": "695b3515251873e0a7e2021add4bba643c56cde3",
        "type": "github"
      },
      "original": {
        "owner": "nixos",
        "ref": "nixos-22.05",
        "repo": "nixpkgs",
        "type": "github"
      }
    },
    "nixpkgs_2": {
      "locked": {
        "lastModified": 1668443372,
        "narHash": "sha256-lXNlVyNWwO22/JUdBtUWz68jZB3DM+Jq/irlsbwncI0=",
        "owner": "nixos",
        "repo": "nixpkgs",
        "rev": "dad4de1694cd92d9a0e123bfdf134d0047b836a5",
        "type": "github"
      },
      "original": {
        "owner": "nixos",
        "ref": "nixpkgs-unstable",
        "repo": "nixpkgs",
        "type": "github"
      }
    },
    "nixpkgs_3": {
      "locked": {
        "lastModified": 1669411043,
        "narHash": "sha256-LfPd3+EY+jaIHTRIEOUtHXuanxm59YKgUacmSzaqMLc=",
        "owner": "nixos",
        "repo": "nixpkgs",
        "rev": "5dc7114b7b256d217fe7752f1614be2514e61bb8",
        "type": "github"
      },
      "original": {
        "owner": "nixos",
        "ref": "nixos-unstable",
        "repo": "nixpkgs",
        "type": "github"
      }
    },
    "nixpkgs_4": {
      "locked": {
        "lastModified": 1660926553,
        "narHash": "sha256-19Ib1b7Ny+yGhnxwnH1KhhB2hvALuNuqevA6XzqkQmo=",
        "owner": "nixos",
        "repo": "nixpkgs",
        "rev": "00e376e3f3c22d991052dfeaf154c42b09deeb29",
        "type": "github"
      },
      "original": {
        "owner": "nixos",
        "ref": "nixos-22.05",
        "repo": "nixpkgs",
        "type": "github"
      }
    },
    "nixpkgs_5": {
      "locked": {
        "lastModified": 1656947410,
        "narHash": "sha256-htDR/PZvjUJGyrRJsVqDmXR8QeoswBaRLzHt13fd0iY=",
        "path": "/nix/store/g3x4045d44zhvnz0m8c3w6y02zw42j2i-source",
        "rev": "e8d47977286a44955262adbc76f2c8a66e7419d5",
        "type": "path"
      },
      "original": {
        "id": "nixpkgs",
        "type": "indirect"
      }
    },
    "nixpkgs_6": {
      "locked": {
        "lastModified": 1660215038,
        "narHash": "sha256-tqMyd5QB4MZh59wMHXqpro4hkKjz9ubQxkxFSuCuBGE=",
        "owner": "nixos",
        "repo": "nixpkgs",
        "rev": "45c9736ed69800a6ff2164fb4538c9e40dad25d6",
        "type": "github"
      },
      "original": {
        "owner": "nixos",
        "ref": "nixos-22.05",
        "repo": "nixpkgs",
        "type": "github"
      }
    },
    "nixpkgs_7": {
      "locked": {
        "lastModified": 1669791787,
        "narHash": "sha256-KBfoA2fOI5+wCrm7PR+j7jHqXeTkVRPQ0m5fcKchyuU=",
        "owner": "nixos",
        "repo": "nixpkgs",
        "rev": "e76c78d20685a043d23f5f9e0ccd2203997f1fb1",
        "type": "github"
      },
      "original": {
        "owner": "nixos",
        "ref": "nixos-unstable",
        "repo": "nixpkgs",
        "type": "github"
      }
    },
    "nose": {
      "flake": false,
      "locked": {
        "lastModified": 1400604510,
        "narHash": "sha256-daEi8Kta1oGaDEmUUDDQMahTTPOpvNpDKk22rlr7cB0=",
        "owner": "emacsattic",
        "repo": "nose",
        "rev": "f8528297519eba911696c4e68fa88892de9a7b72",
        "type": "github"
      },
      "original": {
        "owner": "emacsattic",
        "repo": "nose",
        "type": "github"
      }
    },
    "nur": {
      "locked": {
        "lastModified": 1669471448,
        "narHash": "sha256-jG75clzKUQI+foiRxAWK8+2f58NS8Tf7fvQncOIfUuI=",
        "owner": "nix-community",
        "repo": "NUR",
        "rev": "81badd317a42472752389870baa37827b495a6d9",
        "type": "github"
      },
      "original": {
        "owner": "nix-community",
        "repo": "NUR",
        "type": "github"
      }
    },
    "ob-racket": {
      "flake": false,
      "locked": {
        "lastModified": 1584656173,
        "narHash": "sha256-rBUYDDCXb+3D4xTPQo9UocbTPZ32kWV1Uya/1DmZknU=",
        "owner": "xchrishawk",
        "repo": "ob-racket",
        "rev": "83457ec9e1e96a29fd2086ed19432b9d75787673",
        "type": "github"
      },
      "original": {
        "owner": "xchrishawk",
        "repo": "ob-racket",
        "type": "github"
      }
    },
    "org": {
      "flake": false,
      "locked": {
        "lastModified": 1658585814,
        "narHash": "sha256-N0nzhLv4aizZqslsHz5e3rwsa70dGMbB6ZRQ1Fakg5g=",
        "owner": "emacs-straight",
        "repo": "org-mode",
        "rev": "127e7fee4959ceb33dba2e442b72189f3c25eaa1",
        "type": "github"
      },
      "original": {
        "owner": "emacs-straight",
        "repo": "org-mode",
        "type": "github"
      }
    },
    "org-contrib": {
      "flake": false,
      "locked": {
        "lastModified": 1654411077,
        "narHash": "sha256-ywXAI+s+D701PvuDEQljDmFWrTPymqustSYVyf3NYRk=",
        "ref": "master",
        "rev": "c6aef31ccfc7c4418c3b51e98f7c3bd8e255f5e6",
        "revCount": 2622,
        "type": "git",
        "url": "https://git.sr.ht/~bzg/org-contrib"
      },
      "original": {
        "type": "git",
        "url": "https://git.sr.ht/~bzg/org-contrib"
      }
    },
    "org-yt": {
      "flake": false,
      "locked": {
        "lastModified": 1527381913,
        "narHash": "sha256-dzQ6B7ryzatHCTLyEnRSbWO0VUiX/FHYnpHTs74aVUs=",
        "owner": "TobiasZawada",
        "repo": "org-yt",
        "rev": "40cc1ac76d741055cbefa13860d9f070a7ade001",
        "type": "github"
      },
      "original": {
        "owner": "TobiasZawada",
        "repo": "org-yt",
        "type": "github"
      }
    },
    "peerix": {
      "inputs": {
        "flake-compat": "flake-compat_2",
        "flake-utils": "flake-utils_5",
        "nixpkgs": [
          "nixpkgs"
        ]
      },
      "locked": {
        "lastModified": 1661429880,
        "narHash": "sha256-7/m468XZW82O7KhDtRdQ7RnPsh83+tA8N4U0FncFo1U=",
        "owner": "cid-chan",
        "repo": "peerix",
        "rev": "32cd1b098b83c90726848bd6726f74e72c557abb",
        "type": "github"
      },
      "original": {
        "owner": "cid-chan",
        "repo": "peerix",
        "type": "github"
      }
    },
    "php-extras": {
      "flake": false,
      "locked": {
        "lastModified": 1573312690,
        "narHash": "sha256-r4WyVbzvT0ra4Z6JywNBOw5RxOEYd6Qe2IpebHXkj1U=",
        "owner": "arnested",
        "repo": "php-extras",
        "rev": "d410c5af663c30c01d461ac476d1cbfbacb49367",
        "type": "github"
      },
      "original": {
        "owner": "arnested",
        "repo": "php-extras",
        "type": "github"
      }
    },
    "revealjs": {
      "flake": false,
      "locked": {
        "lastModified": 1653993278,
        "narHash": "sha256-X43lsjoLBWmttIKj9Jzut0UP0dZlsue3fYbJ3++ojbU=",
        "owner": "hakimel",
        "repo": "reveal.js",
        "rev": "039972c730690af7a83a5cb832056a7cc8b565d7",
        "type": "github"
      },
      "original": {
        "owner": "hakimel",
        "repo": "reveal.js",
        "type": "github"
      }
    },
    "root": {
      "inputs": {
        "agenix": "agenix",
        "deploy-rs": "deploy-rs",
        "doom-private": "doom-private",
        "emanote": "emanote",
        "haedosa": "haedosa",
        "home-manager": "home-manager_2",
        "impermanence": "impermanence",
        "jupyter_contrib_core": "jupyter_contrib_core",
        "jupyter_nbextensions_configurator": "jupyter_nbextensions_configurator",
        "myxmonad": "myxmonad",
        "nix-doom-emacs": "nix-doom-emacs",
        "nixos-hardware": "nixos-hardware",
        "nixpkgs": "nixpkgs_7",
        "nur": "nur",
        "peerix": "peerix"
      }
    },
    "rotate-text": {
      "flake": false,
      "locked": {
        "lastModified": 1322962747,
        "narHash": "sha256-SOeOgSlcEIsKhUiYDJv0p+mLUb420s9E2BmvZQvZ0wk=",
        "owner": "debug-ito",
        "repo": "rotate-text.el",
        "rev": "48f193697db996855aee1ad2bc99b38c6646fe76",
        "type": "github"
      },
      "original": {
        "owner": "debug-ito",
        "repo": "rotate-text.el",
        "type": "github"
      }
    },
    "ts-fold": {
      "flake": false,
      "locked": {
        "lastModified": 1658223568,
        "narHash": "sha256-HxUAg+MUbH8nNhKtRzZDeN/a/sCQHSpDRCK2nvvHp8g=",
        "owner": "jcs-elpa",
        "repo": "ts-fold",
        "rev": "ea554f10e79ed9846662b1639adc4b86783ecfc6",
        "type": "github"
      },
      "original": {
        "owner": "jcs-elpa",
        "repo": "ts-fold",
        "type": "github"
      }
    },
    "utils": {
      "locked": {
        "lastModified": 1648297722,
        "narHash": "sha256-W+qlPsiZd8F3XkzXOzAoR+mpFqzm3ekQkJNa+PIh1BQ=",
        "owner": "numtide",
        "repo": "flake-utils",
        "rev": "0f8662f1319ad6abf89b3380dd2722369fc51ade",
        "type": "github"
      },
      "original": {
        "owner": "numtide",
        "repo": "flake-utils",
        "type": "github"
      }
    },
    "utils_2": {
      "locked": {
        "lastModified": 1667395993,
        "narHash": "sha256-nuEHfE/LcWyuSWnS8t12N1wc105Qtau+/OdUAjtQ0rA=",
        "owner": "numtide",
        "repo": "flake-utils",
        "rev": "5aed5285a952e0b949eb3ba02c12fa4fcfef535f",
        "type": "github"
      },
      "original": {
        "owner": "numtide",
        "repo": "flake-utils",
        "type": "github"
      }
    },
    "utils_3": {
      "locked": {
        "lastModified": 1667395993,
        "narHash": "sha256-nuEHfE/LcWyuSWnS8t12N1wc105Qtau+/OdUAjtQ0rA=",
        "owner": "numtide",
        "repo": "flake-utils",
        "rev": "5aed5285a952e0b949eb3ba02c12fa4fcfef535f",
        "type": "github"
      },
      "original": {
        "owner": "numtide",
        "repo": "flake-utils",
        "type": "github"
      }
    },
    "vterm": {
      "flake": false,
      "locked": {
        "lastModified": 1661934956,
        "narHash": "sha256-OGW7QkCF4Genr90nQl4v+pS6g2RhlTFN3NXYCGm62Yw=",
        "owner": "akermu",
        "repo": "emacs-libvterm",
        "rev": "d6fcd38b9544dd4d05dbe5db10e950043b68de9c",
        "type": "github"
      },
      "original": {
        "owner": "akermu",
        "repo": "emacs-libvterm",
        "type": "github"
      }
    },
    "wallpapers": {
      "flake": false,
      "locked": {
        "lastModified": 1658397002,
        "narHash": "sha256-rwcRPbhNykSqLpwAEJRe+02vvzgR2arxwLck7k+bvkE=",
        "owner": "jjdosa",
        "repo": "wallpapers",
        "rev": "ed3c77c10fe1f0fa47b8e8b5cc0efeeaf6aa3759",
        "type": "github"
      },
      "original": {
        "owner": "jjdosa",
        "repo": "wallpapers",
        "type": "github"
      }
    },
    "zoxide": {
      "flake": false,
      "locked": {
        "lastModified": 1657499605,
        "narHash": "sha256-64HfWG5uT2eObGeFqr04VZzUjblzc5i6zeM8T5rsz7o=",
        "owner": "Vonfry",
        "repo": "zoxide.el",
        "rev": "b09c06962316d28b14ecbb2340af7c0636ab6d16",
        "type": "github"
      },
      "original": {
        "owner": "Vonfry",
        "repo": "zoxide.el",
        "type": "github"
      }
    }
  },
  "root": "root",
  "version": 7
}
