{
  "nodes": {
    "darwin": {
      "inputs": {
        "nixpkgs": [
          "nixpkgs"
        ]
      },
      "locked": {
        "lastModified": 1612476302,
        "narHash": "sha256-gPQy5UoFU3pdnfJjxbhC56AnaMRx0DWMzHM51EJImN0=",
        "owner": "LnL7",
        "repo": "nix-darwin",
        "rev": "dca3806552420c811e539ede2af3aa7aec665ba1",
        "type": "github"
      },
      "original": {
        "owner": "LnL7",
        "ref": "master",
        "repo": "nix-darwin",
        "type": "github"
      }
    },
    "flake-compat": {
      "flake": false,
      "locked": {
        "lastModified": 1606424373,
        "narHash": "sha256-oq8d4//CJOrVj+EcOaSXvMebvuTkmBJuT5tzlfewUnQ=",
        "owner": "edolstra",
        "repo": "flake-compat",
        "rev": "99f1c2157fba4bfe6211a321fd0ee43199025dbf",
        "type": "github"
      },
      "original": {
        "owner": "edolstra",
        "repo": "flake-compat",
        "type": "github"
      }
    },
    "flake-compat_2": {
      "flake": false,
      "locked": {
        "lastModified": 1606424373,
        "narHash": "sha256-oq8d4//CJOrVj+EcOaSXvMebvuTkmBJuT5tzlfewUnQ=",
        "owner": "edolstra",
        "repo": "flake-compat",
        "rev": "99f1c2157fba4bfe6211a321fd0ee43199025dbf",
        "type": "github"
      },
      "original": {
        "owner": "edolstra",
        "repo": "flake-compat",
        "type": "github"
      }
    },
    "flake-compat_3": {
      "flake": false,
      "locked": {
        "lastModified": 1606424373,
        "narHash": "sha256-oq8d4//CJOrVj+EcOaSXvMebvuTkmBJuT5tzlfewUnQ=",
        "owner": "edolstra",
        "repo": "flake-compat",
        "rev": "99f1c2157fba4bfe6211a321fd0ee43199025dbf",
        "type": "github"
      },
      "original": {
        "owner": "edolstra",
        "repo": "flake-compat",
        "type": "github"
      }
    },
    "flake-compat_4": {
      "flake": false,
      "locked": {
        "lastModified": 1606424373,
        "narHash": "sha256-oq8d4//CJOrVj+EcOaSXvMebvuTkmBJuT5tzlfewUnQ=",
        "owner": "edolstra",
        "repo": "flake-compat",
        "rev": "99f1c2157fba4bfe6211a321fd0ee43199025dbf",
        "type": "github"
      },
      "original": {
        "owner": "edolstra",
        "repo": "flake-compat",
        "type": "github"
      }
    },
    "flake-compat_5": {
      "flake": false,
      "locked": {
        "lastModified": 1606424373,
        "narHash": "sha256-oq8d4//CJOrVj+EcOaSXvMebvuTkmBJuT5tzlfewUnQ=",
        "owner": "edolstra",
        "repo": "flake-compat",
        "rev": "99f1c2157fba4bfe6211a321fd0ee43199025dbf",
        "type": "github"
      },
      "original": {
        "owner": "edolstra",
        "repo": "flake-compat",
        "type": "github"
      }
    },
    "flake-compat_6": {
      "flake": false,
      "locked": {
        "lastModified": 1606424373,
        "narHash": "sha256-oq8d4//CJOrVj+EcOaSXvMebvuTkmBJuT5tzlfewUnQ=",
        "owner": "edolstra",
        "repo": "flake-compat",
        "rev": "99f1c2157fba4bfe6211a321fd0ee43199025dbf",
        "type": "github"
      },
      "original": {
        "owner": "edolstra",
        "repo": "flake-compat",
        "type": "github"
      }
    },
    "flake-compat_7": {
      "flake": false,
      "locked": {
        "lastModified": 1606424373,
        "narHash": "sha256-oq8d4//CJOrVj+EcOaSXvMebvuTkmBJuT5tzlfewUnQ=",
        "owner": "edolstra",
        "repo": "flake-compat",
        "rev": "99f1c2157fba4bfe6211a321fd0ee43199025dbf",
        "type": "github"
      },
      "original": {
        "owner": "edolstra",
        "repo": "flake-compat",
        "type": "github"
      }
    },
    "flake-utils": {
      "locked": {
        "lastModified": 1610051610,
        "narHash": "sha256-U9rPz/usA1/Aohhk7Cmc2gBrEEKRzcW4nwPWMPwja4Y=",
        "owner": "numtide",
        "repo": "flake-utils",
        "rev": "3982c9903e93927c2164caa727cd3f6a0e6d14cc",
        "type": "github"
      },
      "original": {
        "owner": "numtide",
        "ref": "master",
        "repo": "flake-utils",
        "type": "github"
      }
    },
    "flake-utils_10": {
      "locked": {
        "lastModified": 1610051610,
        "narHash": "sha256-U9rPz/usA1/Aohhk7Cmc2gBrEEKRzcW4nwPWMPwja4Y=",
        "owner": "numtide",
        "repo": "flake-utils",
        "rev": "3982c9903e93927c2164caa727cd3f6a0e6d14cc",
        "type": "github"
      },
      "original": {
        "owner": "numtide",
        "repo": "flake-utils",
        "type": "github"
      }
    },
    "flake-utils_11": {
      "locked": {
        "lastModified": 1610051610,
        "narHash": "sha256-U9rPz/usA1/Aohhk7Cmc2gBrEEKRzcW4nwPWMPwja4Y=",
        "owner": "numtide",
        "repo": "flake-utils",
        "rev": "3982c9903e93927c2164caa727cd3f6a0e6d14cc",
        "type": "github"
      },
      "original": {
        "owner": "numtide",
        "ref": "master",
        "repo": "flake-utils",
        "type": "github"
      }
    },
    "flake-utils_12": {
      "locked": {
        "lastModified": 1610051610,
        "narHash": "sha256-U9rPz/usA1/Aohhk7Cmc2gBrEEKRzcW4nwPWMPwja4Y=",
        "owner": "numtide",
        "repo": "flake-utils",
        "rev": "3982c9903e93927c2164caa727cd3f6a0e6d14cc",
        "type": "github"
      },
      "original": {
        "owner": "numtide",
        "ref": "master",
        "repo": "flake-utils",
        "type": "github"
      }
    },
    "flake-utils_13": {
      "locked": {
        "lastModified": 1610051610,
        "narHash": "sha256-U9rPz/usA1/Aohhk7Cmc2gBrEEKRzcW4nwPWMPwja4Y=",
        "owner": "numtide",
        "repo": "flake-utils",
        "rev": "3982c9903e93927c2164caa727cd3f6a0e6d14cc",
        "type": "github"
      },
      "original": {
        "owner": "numtide",
        "ref": "master",
        "repo": "flake-utils",
        "type": "github"
      }
    },
    "flake-utils_14": {
      "locked": {
        "lastModified": 1610051610,
        "narHash": "sha256-U9rPz/usA1/Aohhk7Cmc2gBrEEKRzcW4nwPWMPwja4Y=",
        "owner": "numtide",
        "repo": "flake-utils",
        "rev": "3982c9903e93927c2164caa727cd3f6a0e6d14cc",
        "type": "github"
      },
      "original": {
        "owner": "numtide",
        "repo": "flake-utils",
        "type": "github"
      }
    },
    "flake-utils_2": {
      "locked": {
        "lastModified": 1610051610,
        "narHash": "sha256-U9rPz/usA1/Aohhk7Cmc2gBrEEKRzcW4nwPWMPwja4Y=",
        "owner": "numtide",
        "repo": "flake-utils",
        "rev": "3982c9903e93927c2164caa727cd3f6a0e6d14cc",
        "type": "github"
      },
      "original": {
        "owner": "numtide",
        "ref": "master",
        "repo": "flake-utils",
        "type": "github"
      }
    },
    "flake-utils_3": {
      "locked": {
        "lastModified": 1610051610,
        "narHash": "sha256-U9rPz/usA1/Aohhk7Cmc2gBrEEKRzcW4nwPWMPwja4Y=",
        "owner": "numtide",
        "repo": "flake-utils",
        "rev": "3982c9903e93927c2164caa727cd3f6a0e6d14cc",
        "type": "github"
      },
      "original": {
        "owner": "numtide",
        "ref": "master",
        "repo": "flake-utils",
        "type": "github"
      }
    },
    "flake-utils_4": {
      "locked": {
        "lastModified": 1610051610,
        "narHash": "sha256-U9rPz/usA1/Aohhk7Cmc2gBrEEKRzcW4nwPWMPwja4Y=",
        "owner": "numtide",
        "repo": "flake-utils",
        "rev": "3982c9903e93927c2164caa727cd3f6a0e6d14cc",
        "type": "github"
      },
      "original": {
        "owner": "numtide",
        "ref": "master",
        "repo": "flake-utils",
        "type": "github"
      }
    },
    "flake-utils_5": {
      "locked": {
        "lastModified": 1610051610,
        "narHash": "sha256-U9rPz/usA1/Aohhk7Cmc2gBrEEKRzcW4nwPWMPwja4Y=",
        "owner": "numtide",
        "repo": "flake-utils",
        "rev": "3982c9903e93927c2164caa727cd3f6a0e6d14cc",
        "type": "github"
      },
      "original": {
        "owner": "numtide",
        "ref": "master",
        "repo": "flake-utils",
        "type": "github"
      }
    },
    "flake-utils_6": {
      "locked": {
        "lastModified": 1610051610,
        "narHash": "sha256-U9rPz/usA1/Aohhk7Cmc2gBrEEKRzcW4nwPWMPwja4Y=",
        "owner": "numtide",
        "repo": "flake-utils",
        "rev": "3982c9903e93927c2164caa727cd3f6a0e6d14cc",
        "type": "github"
      },
      "original": {
        "owner": "numtide",
        "ref": "master",
        "repo": "flake-utils",
        "type": "github"
      }
    },
    "flake-utils_7": {
      "locked": {
        "lastModified": 1610051610,
        "narHash": "sha256-U9rPz/usA1/Aohhk7Cmc2gBrEEKRzcW4nwPWMPwja4Y=",
        "owner": "numtide",
        "repo": "flake-utils",
        "rev": "3982c9903e93927c2164caa727cd3f6a0e6d14cc",
        "type": "github"
      },
      "original": {
        "owner": "numtide",
        "ref": "master",
        "repo": "flake-utils",
        "type": "github"
      }
    },
    "flake-utils_8": {
      "locked": {
        "lastModified": 1610051610,
        "narHash": "sha256-U9rPz/usA1/Aohhk7Cmc2gBrEEKRzcW4nwPWMPwja4Y=",
        "owner": "numtide",
        "repo": "flake-utils",
        "rev": "3982c9903e93927c2164caa727cd3f6a0e6d14cc",
        "type": "github"
      },
      "original": {
        "owner": "numtide",
        "repo": "flake-utils",
        "type": "github"
      }
    },
    "flake-utils_9": {
      "locked": {
        "lastModified": 1610051610,
        "narHash": "sha256-U9rPz/usA1/Aohhk7Cmc2gBrEEKRzcW4nwPWMPwja4Y=",
        "owner": "numtide",
        "repo": "flake-utils",
        "rev": "3982c9903e93927c2164caa727cd3f6a0e6d14cc",
        "type": "github"
      },
      "original": {
        "owner": "numtide",
        "ref": "master",
        "repo": "flake-utils",
        "type": "github"
      }
    },
    "home-manager": {
      "inputs": {
        "nixpkgs": [
          "nixpkgs"
        ]
      },
      "locked": {
        "lastModified": 1613153184,
        "narHash": "sha256-9ZIBmZuEjcxWON6zeEzCUfobTf/WTVQVOdg3gyNfhTw=",
        "owner": "nix-community",
        "repo": "home-manager",
        "rev": "1ee1d01daa19b3a6d16b5fb680c31a2bc110ce24",
        "type": "github"
      },
      "original": {
        "owner": "nix-community",
        "ref": "master",
        "repo": "home-manager",
        "type": "github"
      }
    },
    "myemacs": {
      "inputs": {
        "flake-compat": "flake-compat_2",
        "flake-utils": "flake-utils_2",
        "nixpkgs": "nixpkgs",
        "stable": "stable"
      },
      "locked": {
        "lastModified": 1613662922,
        "narHash": "sha256-IiVRq7gPfWF1rcnX98gOuNfKknaoBD5VB8HQ/RQcaD8=",
        "ref": "master",
        "rev": "cc5ba1b74cee16365ede581624600964ef1bef6f",
        "revCount": 7,
        "type": "git",
        "url": "ssh://git@gitlab.com/wavetojj/myemacs3.git"
      },
      "original": {
        "type": "git",
        "url": "ssh://git@gitlab.com/wavetojj/myemacs3.git"
      }
    },
    "myflow": {
      "inputs": {
        "flake-compat": "flake-compat_5",
        "flake-utils": "flake-utils_5",
        "nixpkgs": "nixpkgs_3",
        "stable": "stable_3"
      },
      "locked": {
        "lastModified": 1613669380,
        "narHash": "sha256-3ffYV2xuiKz2okaZ9h2nqnKp7/abeD9+rUZX8At7j2g=",
        "ref": "master",
        "rev": "07ba90f8fff569036825bb12d09bf8d77a28981b",
        "revCount": 9,
        "type": "git",
        "url": "ssh://git@gitlab.com/wavetojj/myflow.git"
      },
      "original": {
        "type": "git",
        "url": "ssh://git@gitlab.com/wavetojj/myflow.git"
      }
    },
    "myflow_2": {
      "inputs": {
        "flake-compat": "flake-compat_7",
        "flake-utils": "flake-utils_7",
        "nixpkgs": "nixpkgs_4",
        "stable": "stable_4"
      },
      "locked": {
        "lastModified": 1613558080,
        "narHash": "sha256-Inx2ATir4Y4KQy7BRkx7NgyQSPJziCysliJuXyDv2Io=",
        "ref": "master",
        "rev": "5ad7408d076c0068781bdb81c14fe67ab402487c",
        "revCount": 8,
        "type": "git",
        "url": "ssh://git@gitlab.com/wavetojj/myflow.git"
      },
      "original": {
        "type": "git",
        "url": "ssh://git@gitlab.com/wavetojj/myflow.git"
      }
    },
    "myfonts": {
      "inputs": {
        "flake-compat": "flake-compat_3",
        "flake-utils": "flake-utils_3",
        "nixpkgs": "nixpkgs_2",
        "stable": "stable_2"
      },
      "locked": {
        "lastModified": 1613738815,
        "narHash": "sha256-cWwKWCAluML86MdMfJ4c1/NnXit42jpJznK3V+Cd15w=",
        "ref": "master",
        "rev": "8e640989cde720373ad6470816a69f1c986c514b",
        "revCount": 9,
        "type": "git",
        "url": "ssh://git@gitlab.com/wavetojj/myfonts.git"
      },
      "original": {
        "type": "git",
        "url": "ssh://git@gitlab.com/wavetojj/myfonts.git"
      }
    },
    "myhaskell": {
      "inputs": {
        "flake-compat": "flake-compat_4",
        "flake-utils": "flake-utils_4",
        "myflow": "myflow",
        "myplot": "myplot",
        "nixpkgs": "nixpkgs_6",
        "stable": "stable_6"
      },
      "locked": {
        "lastModified": 1613839553,
        "narHash": "sha256-uVM5KjeX+lMrKI79MuQ1pbb+Oh+rxxat36kNQXeDM6w=",
        "ref": "master",
        "rev": "e1522255fbf942fbcb1642f108a12d1078ddb95a",
        "revCount": 10,
        "type": "git",
        "url": "ssh://git@gitlab.com/wavetojj/myhaskell2.git"
      },
      "original": {
        "type": "git",
        "url": "ssh://git@gitlab.com/wavetojj/myhaskell2.git"
      }
    },
    "mylockscreen": {
      "inputs": {
        "flake-utils": "flake-utils_8",
        "mywallpapers-1366": "mywallpapers-1366",
        "nixpkgs": "nixpkgs_8",
        "stable": "stable_8"
      },
      "locked": {
        "lastModified": 1613823564,
        "narHash": "sha256-cvFuJGwx1YYCbcAr3EQBUTQVxZnP++U3TlX/Of3ua1c=",
        "ref": "master",
        "rev": "c90de76d420c3fa43cf5bcee3f2ecf8053c7f5e5",
        "revCount": 4,
        "type": "git",
        "url": "ssh://git@gitlab.com/wavetojj/mylockscreen.git"
      },
      "original": {
        "type": "git",
        "url": "ssh://git@gitlab.com/wavetojj/mylockscreen.git"
      }
    },
    "mynitrogen": {
      "inputs": {
        "flake-utils": "flake-utils_10",
        "mywallpapers-1366": "mywallpapers-1366_2",
        "nixpkgs": "nixpkgs_10",
        "stable": "stable_10"
      },
      "locked": {
        "lastModified": 1613839049,
        "narHash": "sha256-vHhJpfj522/fvDsIgj/I8BDCoJpvRcrGfyabvRWTuv8=",
        "ref": "master",
        "rev": "b4c048fbe8feaa8921b78d620dd7187e4458e298",
        "revCount": 4,
        "type": "git",
        "url": "ssh://git@gitlab.com/wavetojj/mynitrogen.git"
      },
      "original": {
        "type": "git",
        "url": "ssh://git@gitlab.com/wavetojj/mynitrogen.git"
      }
    },
    "myplot": {
      "inputs": {
        "flake-compat": "flake-compat_6",
        "flake-utils": "flake-utils_6",
        "myflow": "myflow_2",
        "nixpkgs": "nixpkgs_5",
        "stable": "stable_5"
      },
      "locked": {
        "lastModified": 1613672156,
        "narHash": "sha256-yGJ8JC55E3TcfFQRz19D9fOhKKvcBN9x1ZNdwGlv9Ak=",
        "ref": "master",
        "rev": "006ad81754dcb0a9b69998d56c26be8f8c3b07d9",
        "revCount": 26,
        "type": "git",
        "url": "ssh://git@gitlab.com/wavetojj/myplot.git"
      },
      "original": {
        "type": "git",
        "url": "ssh://git@gitlab.com/wavetojj/myplot.git"
      }
    },
    "myvim": {
      "inputs": {
        "flake-utils": "flake-utils_12",
        "nixpkgs": "nixpkgs_11",
        "stable": "stable_11"
      },
      "locked": {
        "lastModified": 1613640125,
        "narHash": "sha256-ornTJB/XoyZbulHEP/cmM9MkCqVa2FceaeAQOtZgh1s=",
        "ref": "master",
        "rev": "f5521e2cd12fc5551fe55162464a88dc3c9e3174",
        "revCount": 1,
        "type": "git",
        "url": "ssh://git@gitlab.com/wavetojj/myvim2.git"
      },
      "original": {
        "type": "git",
        "url": "ssh://git@gitlab.com/wavetojj/myvim2.git"
      }
    },
    "mywallpapers-1366": {
      "inputs": {
        "flake-utils": "flake-utils_9",
        "nixpkgs": "nixpkgs_7",
        "stable": "stable_7"
      },
      "locked": {
        "lastModified": 1613818462,
        "narHash": "sha256-UwltD9rmrddJaXsdSZYCBC4XscroTko70j83g46xBro=",
        "ref": "master",
        "rev": "d3e907e6117fdac34d08c51d0f052a5604e728f6",
        "revCount": 2,
        "type": "git",
        "url": "ssh://git@gitlab.com/wavetojj/mywallpapers-1366.git"
      },
      "original": {
        "type": "git",
        "url": "ssh://git@gitlab.com/wavetojj/mywallpapers-1366.git"
      }
    },
    "mywallpapers-1366_2": {
      "inputs": {
        "flake-utils": "flake-utils_11",
        "nixpkgs": "nixpkgs_9",
        "stable": "stable_9"
      },
      "locked": {
        "lastModified": 1613821803,
        "narHash": "sha256-xteIlYsvPIBxoxgXaTDr+tSwY0eMxRGE2avxD9iSMfk=",
        "ref": "master",
        "rev": "66cb84cbd8b0ce09919706313ab29e4307fc96ee",
        "revCount": 3,
        "type": "git",
        "url": "ssh://git@gitlab.com/wavetojj/mywallpapers-1366.git"
      },
      "original": {
        "type": "git",
        "url": "ssh://git@gitlab.com/wavetojj/mywallpapers-1366.git"
      }
    },
    "mywallpapers-1366_3": {
      "inputs": {
        "flake-utils": "flake-utils_13",
        "nixpkgs": "nixpkgs_12",
        "stable": "stable_12"
      },
      "locked": {
        "lastModified": 1613821803,
        "narHash": "sha256-xteIlYsvPIBxoxgXaTDr+tSwY0eMxRGE2avxD9iSMfk=",
        "ref": "master",
        "rev": "66cb84cbd8b0ce09919706313ab29e4307fc96ee",
        "revCount": 3,
        "type": "git",
        "url": "ssh://git@gitlab.com/wavetojj/mywallpapers-1366.git"
      },
      "original": {
        "type": "git",
        "url": "ssh://git@gitlab.com/wavetojj/mywallpapers-1366.git"
      }
    },
    "myxmobar": {
      "inputs": {
        "flake-utils": "flake-utils_14",
        "nixpkgs": "nixpkgs_13",
        "stable": "stable_13"
      },
      "locked": {
        "lastModified": 1613837696,
        "narHash": "sha256-GPYuznRnNVOkv/CcnJ4vDKxh7mmuua0t2Jr1zz64Qvo=",
        "ref": "master",
        "rev": "aafcd38d8365129791ecb4ebc041c0e9f3e81528",
        "revCount": 3,
        "type": "git",
        "url": "ssh://git@gitlab.com/wavetojj/myxmobar.git"
      },
      "original": {
        "type": "git",
        "url": "ssh://git@gitlab.com/wavetojj/myxmobar.git"
      }
    },
    "nixos-hardware": {
      "locked": {
        "lastModified": 1613453906,
        "narHash": "sha256-w6oeQ3OTCKxRAG9KtjK+ErxpvUhNr48binO99JVQP9Q=",
        "owner": "nixos",
        "repo": "nixos-hardware",
        "rev": "115770eed0c0fa50c1277cd0f7fe0f15501dbc43",
        "type": "github"
      },
      "original": {
        "owner": "nixos",
        "repo": "nixos-hardware",
        "type": "github"
      }
    },
    "nixpkgs": {
      "locked": {
        "lastModified": 1613495094,
        "narHash": "sha256-nCM0DOMzxObrXkpGBBTFUCfKOQbdm908z2rv9julGO8=",
        "owner": "nixos",
        "repo": "nixpkgs",
        "rev": "64b4617883844efe0cc20163e007ee636462eb18",
        "type": "github"
      },
      "original": {
        "owner": "nixos",
        "ref": "nixos-unstable",
        "repo": "nixpkgs",
        "type": "github"
      }
    },
    "nixpkgs_10": {
      "locked": {
        "lastModified": 1613582597,
        "narHash": "sha256-6LvipIvFuhyorHpUqK3HjySC5Y6gshXHFBhU9EJ4DoM=",
        "owner": "nixos",
        "repo": "nixpkgs",
        "rev": "6b1057b452c55bb3b463f0d7055bc4ec3fd1f381",
        "type": "github"
      },
      "original": {
        "owner": "nixos",
        "ref": "nixos-unstable",
        "repo": "nixpkgs",
        "type": "github"
      }
    },
    "nixpkgs_11": {
      "locked": {
        "lastModified": 1613495094,
        "narHash": "sha256-nCM0DOMzxObrXkpGBBTFUCfKOQbdm908z2rv9julGO8=",
        "owner": "nixos",
        "repo": "nixpkgs",
        "rev": "64b4617883844efe0cc20163e007ee636462eb18",
        "type": "github"
      },
      "original": {
        "owner": "nixos",
        "ref": "nixos-unstable",
        "repo": "nixpkgs",
        "type": "github"
      }
    },
    "nixpkgs_12": {
      "locked": {
        "lastModified": 1613582597,
        "narHash": "sha256-6LvipIvFuhyorHpUqK3HjySC5Y6gshXHFBhU9EJ4DoM=",
        "owner": "nixos",
        "repo": "nixpkgs",
        "rev": "6b1057b452c55bb3b463f0d7055bc4ec3fd1f381",
        "type": "github"
      },
      "original": {
        "owner": "nixos",
        "ref": "nixos-unstable",
        "repo": "nixpkgs",
        "type": "github"
      }
    },
    "nixpkgs_13": {
      "locked": {
        "lastModified": 1613582597,
        "narHash": "sha256-6LvipIvFuhyorHpUqK3HjySC5Y6gshXHFBhU9EJ4DoM=",
        "owner": "nixos",
        "repo": "nixpkgs",
        "rev": "6b1057b452c55bb3b463f0d7055bc4ec3fd1f381",
        "type": "github"
      },
      "original": {
        "owner": "nixos",
        "ref": "nixos-unstable",
        "repo": "nixpkgs",
        "type": "github"
      }
    },
    "nixpkgs_14": {
      "locked": {
        "lastModified": 1613226215,
        "narHash": "sha256-3rA5cGIrBHD6yeKhNhsF7/t461ww25oJY8KyBb0IhjU=",
        "owner": "nixos",
        "repo": "nixpkgs",
        "rev": "ff96a0fa5635770390b184ae74debea75c3fd534",
        "type": "github"
      },
      "original": {
        "owner": "nixos",
        "ref": "nixos-unstable",
        "repo": "nixpkgs",
        "type": "github"
      }
    },
    "nixpkgs_2": {
      "locked": {
        "lastModified": 1613582597,
        "narHash": "sha256-6LvipIvFuhyorHpUqK3HjySC5Y6gshXHFBhU9EJ4DoM=",
        "owner": "nixos",
        "repo": "nixpkgs",
        "rev": "6b1057b452c55bb3b463f0d7055bc4ec3fd1f381",
        "type": "github"
      },
      "original": {
        "owner": "nixos",
        "ref": "nixos-unstable",
        "repo": "nixpkgs",
        "type": "github"
      }
    },
    "nixpkgs_3": {
      "locked": {
        "lastModified": 1613226215,
        "narHash": "sha256-3rA5cGIrBHD6yeKhNhsF7/t461ww25oJY8KyBb0IhjU=",
        "owner": "nixos",
        "repo": "nixpkgs",
        "rev": "ff96a0fa5635770390b184ae74debea75c3fd534",
        "type": "github"
      },
      "original": {
        "owner": "nixos",
        "ref": "nixos-unstable",
        "repo": "nixpkgs",
        "type": "github"
      }
    },
    "nixpkgs_4": {
      "locked": {
        "lastModified": 1613226215,
        "narHash": "sha256-3rA5cGIrBHD6yeKhNhsF7/t461ww25oJY8KyBb0IhjU=",
        "owner": "nixos",
        "repo": "nixpkgs",
        "rev": "ff96a0fa5635770390b184ae74debea75c3fd534",
        "type": "github"
      },
      "original": {
        "owner": "nixos",
        "ref": "nixos-unstable",
        "repo": "nixpkgs",
        "type": "github"
      }
    },
    "nixpkgs_5": {
      "locked": {
        "lastModified": 1613495094,
        "narHash": "sha256-nCM0DOMzxObrXkpGBBTFUCfKOQbdm908z2rv9julGO8=",
        "owner": "nixos",
        "repo": "nixpkgs",
        "rev": "64b4617883844efe0cc20163e007ee636462eb18",
        "type": "github"
      },
      "original": {
        "owner": "nixos",
        "ref": "nixos-unstable",
        "repo": "nixpkgs",
        "type": "github"
      }
    },
    "nixpkgs_6": {
      "locked": {
        "lastModified": 1613582597,
        "narHash": "sha256-6LvipIvFuhyorHpUqK3HjySC5Y6gshXHFBhU9EJ4DoM=",
        "owner": "nixos",
        "repo": "nixpkgs",
        "rev": "6b1057b452c55bb3b463f0d7055bc4ec3fd1f381",
        "type": "github"
      },
      "original": {
        "owner": "nixos",
        "ref": "nixos-unstable",
        "repo": "nixpkgs",
        "type": "github"
      }
    },
    "nixpkgs_7": {
      "locked": {
        "lastModified": 1613582597,
        "narHash": "sha256-6LvipIvFuhyorHpUqK3HjySC5Y6gshXHFBhU9EJ4DoM=",
        "owner": "nixos",
        "repo": "nixpkgs",
        "rev": "6b1057b452c55bb3b463f0d7055bc4ec3fd1f381",
        "type": "github"
      },
      "original": {
        "owner": "nixos",
        "ref": "nixos-unstable",
        "repo": "nixpkgs",
        "type": "github"
      }
    },
    "nixpkgs_8": {
      "locked": {
        "lastModified": 1613582597,
        "narHash": "sha256-6LvipIvFuhyorHpUqK3HjySC5Y6gshXHFBhU9EJ4DoM=",
        "owner": "nixos",
        "repo": "nixpkgs",
        "rev": "6b1057b452c55bb3b463f0d7055bc4ec3fd1f381",
        "type": "github"
      },
      "original": {
        "owner": "nixos",
        "ref": "nixos-unstable",
        "repo": "nixpkgs",
        "type": "github"
      }
    },
    "nixpkgs_9": {
      "locked": {
        "lastModified": 1613582597,
        "narHash": "sha256-6LvipIvFuhyorHpUqK3HjySC5Y6gshXHFBhU9EJ4DoM=",
        "owner": "nixos",
        "repo": "nixpkgs",
        "rev": "6b1057b452c55bb3b463f0d7055bc4ec3fd1f381",
        "type": "github"
      },
      "original": {
        "owner": "nixos",
        "ref": "nixos-unstable",
        "repo": "nixpkgs",
        "type": "github"
      }
    },
    "nur": {
      "locked": {
        "lastModified": 1613817097,
        "narHash": "sha256-lk24ka7iKejebL8hoElqsxxfquh7PaVObPEZ3kHNxYA=",
        "owner": "nix-community",
        "repo": "NUR",
        "rev": "98f3f99f2a7bbe00700c9a04ee52bc1789448fb0",
        "type": "github"
      },
      "original": {
        "owner": "nix-community",
        "ref": "master",
        "repo": "NUR",
        "type": "github"
      }
    },
    "root": {
      "inputs": {
        "darwin": "darwin",
        "flake-compat": "flake-compat",
        "flake-utils": "flake-utils",
        "home-manager": "home-manager",
        "myemacs": "myemacs",
        "myfonts": "myfonts",
        "myhaskell": "myhaskell",
        "mylockscreen": "mylockscreen",
        "mynitrogen": "mynitrogen",
        "myvim": "myvim",
        "mywallpapers-1366": "mywallpapers-1366_3",
        "myxmobar": "myxmobar",
        "nixos-hardware": "nixos-hardware",
        "nixpkgs": "nixpkgs_14",
        "nur": "nur",
        "stable": "stable_14"
      }
    },
    "stable": {
      "locked": {
        "lastModified": 1613551942,
        "narHash": "sha256-2jt80VjHx8Wf9GkPDy5JbH6jzSFRpYnIw6oa5lZ3XT4=",
        "owner": "nixos",
        "repo": "nixpkgs",
        "rev": "5c53c720ff690ef82a9fe4849e7b70c104e1c82f",
        "type": "github"
      },
      "original": {
        "owner": "nixos",
        "ref": "nixos-20.09",
        "repo": "nixpkgs",
        "type": "github"
      }
    },
    "stable_10": {
      "locked": {
        "lastModified": 1613772719,
        "narHash": "sha256-jZ6KiCOaDOZJHMDFnBO1fHPrDqDUmOkihPWXavyGa98=",
        "owner": "nixos",
        "repo": "nixpkgs",
        "rev": "38eaa62f28384bc5f6c394e2a99bd6a4913fc71f",
        "type": "github"
      },
      "original": {
        "owner": "nixos",
        "ref": "nixos-20.09",
        "repo": "nixpkgs",
        "type": "github"
      }
    },
    "stable_11": {
      "locked": {
        "lastModified": 1613551942,
        "narHash": "sha256-2jt80VjHx8Wf9GkPDy5JbH6jzSFRpYnIw6oa5lZ3XT4=",
        "owner": "nixos",
        "repo": "nixpkgs",
        "rev": "5c53c720ff690ef82a9fe4849e7b70c104e1c82f",
        "type": "github"
      },
      "original": {
        "owner": "nixos",
        "ref": "nixos-20.09",
        "repo": "nixpkgs",
        "type": "github"
      }
    },
    "stable_12": {
      "locked": {
        "lastModified": 1613689379,
        "narHash": "sha256-cO5Wmp/w7W8LHq/sNMg0BaOfDsXahP21I0QxuaWFX5o=",
        "owner": "nixos",
        "repo": "nixpkgs",
        "rev": "6bebc91e2882e0b4917567d0c025bbfafb01be69",
        "type": "github"
      },
      "original": {
        "owner": "nixos",
        "ref": "nixos-20.09",
        "repo": "nixpkgs",
        "type": "github"
      }
    },
    "stable_13": {
      "locked": {
        "lastModified": 1613772719,
        "narHash": "sha256-jZ6KiCOaDOZJHMDFnBO1fHPrDqDUmOkihPWXavyGa98=",
        "owner": "nixos",
        "repo": "nixpkgs",
        "rev": "38eaa62f28384bc5f6c394e2a99bd6a4913fc71f",
        "type": "github"
      },
      "original": {
        "owner": "nixos",
        "ref": "nixos-20.09",
        "repo": "nixpkgs",
        "type": "github"
      }
    },
    "stable_14": {
      "locked": {
        "lastModified": 1613208951,
        "narHash": "sha256-pxDu+9KZBnZkMcKBqSAqw1oQwTIbxTeIwcMtygLsWio=",
        "owner": "nixos",
        "repo": "nixpkgs",
        "rev": "2118cf551b9944cfdb929b8ea03556f097dd0381",
        "type": "github"
      },
      "original": {
        "owner": "nixos",
        "ref": "nixos-20.09",
        "repo": "nixpkgs",
        "type": "github"
      }
    },
    "stable_2": {
      "locked": {
        "lastModified": 1613551942,
        "narHash": "sha256-2jt80VjHx8Wf9GkPDy5JbH6jzSFRpYnIw6oa5lZ3XT4=",
        "owner": "nixos",
        "repo": "nixpkgs",
        "rev": "5c53c720ff690ef82a9fe4849e7b70c104e1c82f",
        "type": "github"
      },
      "original": {
        "owner": "nixos",
        "ref": "nixos-20.09",
        "repo": "nixpkgs",
        "type": "github"
      }
    },
    "stable_3": {
      "locked": {
        "lastModified": 1613411757,
        "narHash": "sha256-+z0lPF6wnmux+LvjYx4u5Sij7LO2OrAxFGlclKVwj7c=",
        "owner": "nixos",
        "repo": "nixpkgs",
        "rev": "08327493801e12217891826604c2812e7f48eb28",
        "type": "github"
      },
      "original": {
        "owner": "nixos",
        "ref": "nixos-20.09",
        "repo": "nixpkgs",
        "type": "github"
      }
    },
    "stable_4": {
      "locked": {
        "lastModified": 1613411757,
        "narHash": "sha256-+z0lPF6wnmux+LvjYx4u5Sij7LO2OrAxFGlclKVwj7c=",
        "owner": "nixos",
        "repo": "nixpkgs",
        "rev": "08327493801e12217891826604c2812e7f48eb28",
        "type": "github"
      },
      "original": {
        "owner": "nixos",
        "ref": "nixos-20.09",
        "repo": "nixpkgs",
        "type": "github"
      }
    },
    "stable_5": {
      "locked": {
        "lastModified": 1613551942,
        "narHash": "sha256-2jt80VjHx8Wf9GkPDy5JbH6jzSFRpYnIw6oa5lZ3XT4=",
        "owner": "nixos",
        "repo": "nixpkgs",
        "rev": "5c53c720ff690ef82a9fe4849e7b70c104e1c82f",
        "type": "github"
      },
      "original": {
        "owner": "nixos",
        "ref": "nixos-20.09",
        "repo": "nixpkgs",
        "type": "github"
      }
    },
    "stable_6": {
      "locked": {
        "lastModified": 1613551942,
        "narHash": "sha256-2jt80VjHx8Wf9GkPDy5JbH6jzSFRpYnIw6oa5lZ3XT4=",
        "owner": "nixos",
        "repo": "nixpkgs",
        "rev": "5c53c720ff690ef82a9fe4849e7b70c104e1c82f",
        "type": "github"
      },
      "original": {
        "owner": "nixos",
        "ref": "nixos-20.09",
        "repo": "nixpkgs",
        "type": "github"
      }
    },
    "stable_7": {
      "locked": {
        "lastModified": 1613689379,
        "narHash": "sha256-cO5Wmp/w7W8LHq/sNMg0BaOfDsXahP21I0QxuaWFX5o=",
        "owner": "nixos",
        "repo": "nixpkgs",
        "rev": "6bebc91e2882e0b4917567d0c025bbfafb01be69",
        "type": "github"
      },
      "original": {
        "owner": "nixos",
        "ref": "nixos-20.09",
        "repo": "nixpkgs",
        "type": "github"
      }
    },
    "stable_8": {
      "locked": {
        "lastModified": 1613689379,
        "narHash": "sha256-cO5Wmp/w7W8LHq/sNMg0BaOfDsXahP21I0QxuaWFX5o=",
        "owner": "nixos",
        "repo": "nixpkgs",
        "rev": "6bebc91e2882e0b4917567d0c025bbfafb01be69",
        "type": "github"
      },
      "original": {
        "owner": "nixos",
        "ref": "nixos-20.09",
        "repo": "nixpkgs",
        "type": "github"
      }
    },
    "stable_9": {
      "locked": {
        "lastModified": 1613689379,
        "narHash": "sha256-cO5Wmp/w7W8LHq/sNMg0BaOfDsXahP21I0QxuaWFX5o=",
        "owner": "nixos",
        "repo": "nixpkgs",
        "rev": "6bebc91e2882e0b4917567d0c025bbfafb01be69",
        "type": "github"
      },
      "original": {
        "owner": "nixos",
        "ref": "nixos-20.09",
        "repo": "nixpkgs",
        "type": "github"
      }
    }
  },
  "root": "root",
  "version": 7
}
