{
  "nodes": {
    "darwin": {
      "inputs": {
        "nixpkgs": [
          "nixpkgs"
        ]
      },
      "locked": {
        "lastModified": 1612476302,
        "narHash": "sha256-gPQy5UoFU3pdnfJjxbhC56AnaMRx0DWMzHM51EJImN0=",
        "owner": "LnL7",
        "repo": "nix-darwin",
        "rev": "dca3806552420c811e539ede2af3aa7aec665ba1",
        "type": "github"
      },
      "original": {
        "owner": "LnL7",
        "ref": "master",
        "repo": "nix-darwin",
        "type": "github"
      }
    },
    "flake-compat": {
      "flake": false,
      "locked": {
        "lastModified": 1606424373,
        "narHash": "sha256-oq8d4//CJOrVj+EcOaSXvMebvuTkmBJuT5tzlfewUnQ=",
        "owner": "edolstra",
        "repo": "flake-compat",
        "rev": "99f1c2157fba4bfe6211a321fd0ee43199025dbf",
        "type": "github"
      },
      "original": {
        "owner": "edolstra",
        "repo": "flake-compat",
        "type": "github"
      }
    },
    "flake-utils": {
      "locked": {
        "lastModified": 1610051610,
        "narHash": "sha256-U9rPz/usA1/Aohhk7Cmc2gBrEEKRzcW4nwPWMPwja4Y=",
        "owner": "numtide",
        "repo": "flake-utils",
        "rev": "3982c9903e93927c2164caa727cd3f6a0e6d14cc",
        "type": "github"
      },
      "original": {
        "owner": "numtide",
        "ref": "master",
        "repo": "flake-utils",
        "type": "github"
      }
    },
    "home-manager": {
      "inputs": {
        "nixpkgs": [
          "nixpkgs"
        ]
      },
      "locked": {
        "lastModified": 1613153184,
        "narHash": "sha256-9ZIBmZuEjcxWON6zeEzCUfobTf/WTVQVOdg3gyNfhTw=",
        "owner": "nix-community",
        "repo": "home-manager",
        "rev": "1ee1d01daa19b3a6d16b5fb680c31a2bc110ce24",
        "type": "github"
      },
      "original": {
        "owner": "nix-community",
        "ref": "master",
        "repo": "home-manager",
        "type": "github"
      }
    },
    "nixpkgs": {
      "locked": {
        "lastModified": 1613226215,
        "narHash": "sha256-3rA5cGIrBHD6yeKhNhsF7/t461ww25oJY8KyBb0IhjU=",
        "owner": "nixos",
        "repo": "nixpkgs",
        "rev": "ff96a0fa5635770390b184ae74debea75c3fd534",
        "type": "github"
      },
      "original": {
        "owner": "nixos",
        "ref": "nixos-unstable",
        "repo": "nixpkgs",
        "type": "github"
      }
    },
    "root": {
      "inputs": {
        "darwin": "darwin",
        "flake-compat": "flake-compat",
        "flake-utils": "flake-utils",
        "home-manager": "home-manager",
        "nixpkgs": "nixpkgs",
        "stable": "stable"
      }
    },
    "stable": {
      "locked": {
        "lastModified": 1613208951,
        "narHash": "sha256-pxDu+9KZBnZkMcKBqSAqw1oQwTIbxTeIwcMtygLsWio=",
        "owner": "nixos",
        "repo": "nixpkgs",
        "rev": "2118cf551b9944cfdb929b8ea03556f097dd0381",
        "type": "github"
      },
      "original": {
        "owner": "nixos",
        "ref": "nixos-20.09",
        "repo": "nixpkgs",
        "type": "github"
      }
    }
  },
  "root": "root",
  "version": 7
}
